
Microsoft Visual Studio Solution File, Format Version 12.00
# Visual Studio Version 17
VisualStudioVersion = 17.5.33530.505
MinimumVisualStudioVersion = 10.0.40219.1
Project("{FAE04EC0-301F-11D3-BF4B-00C04F79EFBC}") = "IniVisualizer", "IniVisualizer\IniVisualizer.csproj", "{5C41BD7C-0AF9-4267-9A03-93F133DF2616}"
EndProject
Project("{FAE04EC0-301F-11D3-BF4B-00C04F79EFBC}") = "IniServer", "IniServer\IniServer.csproj", "{F97DF47C-0620-4087-B089-3BB434AF3B40}"
EndProject
Project("{FAE04EC0-301F-11D3-BF4B-00C04F79EFBC}") = "IniClient", "IniClient\IniClient.csproj", "{7344DDEA-CEA5-49A9-B676-BD41075E0F10}"
EndProject
Project("{FAE04EC0-301F-11D3-BF4B-00C04F79EFBC}") = "Shared", "Shared\Shared.csproj", "{142D793C-5C56-4FD4-A536-3712E04DBA29}"
EndProject
Global
	GlobalSection(SolutionConfigurationPlatforms) = preSolution
		Debug|Any CPU = Debug|Any CPU
		Release|Any CPU = Release|Any CPU
	EndGlobalSection
	GlobalSection(ProjectConfigurationPlatforms) = postSolution
		{5C41BD7C-0AF9-4267-9A03-93F133DF2616}.Debug|Any CPU.ActiveCfg = Debug|Any CPU
		{5C41BD7C-0AF9-4267-9A03-93F133DF2616}.Debug|Any CPU.Build.0 = Debug|Any CPU
		{5C41BD7C-0AF9-4267-9A03-93F133DF2616}.Release|Any CPU.ActiveCfg = Release|Any CPU
		{5C41BD7C-0AF9-4267-9A03-93F133DF2616}.Release|Any CPU.Build.0 = Release|Any CPU
		{F97DF47C-0620-4087-B089-3BB434AF3B40}.Debug|Any CPU.ActiveCfg = Debug|Any CPU
		{F97DF47C-0620-4087-B089-3BB434AF3B40}.Debug|Any CPU.Build.0 = Debug|Any CPU
		{F97DF47C-0620-4087-B089-3BB434AF3B40}.Release|Any CPU.ActiveCfg = Release|Any CPU
		{F97DF47C-0620-4087-B089-3BB434AF3B40}.Release|Any CPU.Build.0 = Release|Any CPU
		{7344DDEA-CEA5-49A9-B676-BD41075E0F10}.Debug|Any CPU.ActiveCfg = Debug|Any CPU
		{7344DDEA-CEA5-49A9-B676-BD41075E0F10}.Debug|Any CPU.Build.0 = Debug|Any CPU
		{7344DDEA-CEA5-49A9-B676-BD41075E0F10}.Release|Any CPU.ActiveCfg = Release|Any CPU
		{7344DDEA-CEA5-49A9-B676-BD41075E0F10}.Release|Any CPU.Build.0 = Release|Any CPU
		{142D793C-5C56-4FD4-A536-3712E04DBA29}.Debug|Any CPU.ActiveCfg = Debug|Any CPU
		{142D793C-5C56-4FD4-A536-3712E04DBA29}.Debug|Any CPU.Build.0 = Debug|Any CPU
		{142D793C-5C56-4FD4-A536-3712E04DBA29}.Release|Any CPU.ActiveCfg = Release|Any CPU
		{142D793C-5C56-4FD4-A536-3712E04DBA29}.Release|Any CPU.Build.0 = Release|Any CPU
	EndGlobalSection
	GlobalSection(SolutionProperties) = preSolution
		HideSolutionNode = FALSE
	EndGlobalSection
	GlobalSection(ExtensibilityGlobals) = postSolution
		SolutionGuid = {E044ED59-7A1D-4C0F-9734-D2E7C9481128}
	EndGlobalSection
EndGlobal
